
Microsoft Visual Studio Solution File, Format Version 12.00
# Visual Studio 14
VisualStudioVersion = 14.0.25123.0
MinimumVisualStudioVersion = 10.0.40219.1
Project("{8BC9CEB8-8B4A-11D0-8D11-00A0C91BC942}") = "Graphics", "Graphics J.vcxproj", "{B60D72E5-D17E-4632-B321-72D86FA055CA}"
EndProject
Project("{8BC9CEB8-8B4A-11D0-8D11-00A0C91BC942}") = "01-Hello_Triangle", "Tests\01-Hello_Triangle\01-Hello_Triangle.vcxproj", "{050C663F-4641-42F4-9E8B-62A6FF5DAB51}"
	ProjectSection(ProjectDependencies) = postProject
		{B60D72E5-D17E-4632-B321-72D86FA055CA} = {B60D72E5-D17E-4632-B321-72D86FA055CA}
	EndProjectSection
EndProject
Project("{8BC9CEB8-8B4A-11D0-8D11-00A0C91BC942}") = "02-UniTex", "Tests\02-UniTex\02-UniTex.vcxproj", "{4C466196-749C-41FC-974C-97D001334DB4}"
	ProjectSection(ProjectDependencies) = postProject
		{B60D72E5-D17E-4632-B321-72D86FA055CA} = {B60D72E5-D17E-4632-B321-72D86FA055CA}
	EndProjectSection
EndProject
Project("{8BC9CEB8-8B4A-11D0-8D11-00A0C91BC942}") = "03-tdraw", "Tests\03-tdraw\03-tdraw.vcxproj", "{A5B5DAA8-D749-4353-A52D-167420B4366D}"
EndProject
Project("{8BC9CEB8-8B4A-11D0-8D11-00A0C91BC942}") = "04-FromDisk", "Tests\04-FromDisk\04-FromDisk.vcxproj", "{E67908F0-6D1F-442E-AE3E-50785A4A9CFA}"
	ProjectSection(ProjectDependencies) = postProject
		{B60D72E5-D17E-4632-B321-72D86FA055CA} = {B60D72E5-D17E-4632-B321-72D86FA055CA}
	EndProjectSection
EndProject
Project("{8BC9CEB8-8B4A-11D0-8D11-00A0C91BC942}") = "shaders", "resources\shaders\shaders.vcxproj", "{9E71012B-EE44-4BA5-8C0E-7EB901F0A8B6}"
EndProject
Project("{8BC9CEB8-8B4A-11D0-8D11-00A0C91BC942}") = "05-MVP", "Tests\05-MVP\05-MVP.vcxproj", "{F6ECB23B-195A-4828-A484-A82A77BCE58E}"
	ProjectSection(ProjectDependencies) = postProject
		{B60D72E5-D17E-4632-B321-72D86FA055CA} = {B60D72E5-D17E-4632-B321-72D86FA055CA}
	EndProjectSection
EndProject
Project("{8BC9CEB8-8B4A-11D0-8D11-00A0C91BC942}") = "06-Lights", "Tests\06-Lights\06-Lights.vcxproj", "{CBA62669-70CC-4488-947C-4B4DD5BAF62F}"
	ProjectSection(ProjectDependencies) = postProject
		{B60D72E5-D17E-4632-B321-72D86FA055CA} = {B60D72E5-D17E-4632-B321-72D86FA055CA}
	EndProjectSection
EndProject
Project("{8BC9CEB8-8B4A-11D0-8D11-00A0C91BC942}") = "07-Materials", "Tests\07-Materials\07-Materials.vcxproj", "{DA9A97BA-0D10-493C-8B1F-B59922B27CFD}"
	ProjectSection(ProjectDependencies) = postProject
		{B60D72E5-D17E-4632-B321-72D86FA055CA} = {B60D72E5-D17E-4632-B321-72D86FA055CA}
	EndProjectSection
EndProject
Project("{8BC9CEB8-8B4A-11D0-8D11-00A0C91BC942}") = "09-Shadows", "Tests\09-Shadows\09-Shadows.vcxproj", "{04A7C7BA-D03A-42B1-8A09-837F4984564A}"
	ProjectSection(ProjectDependencies) = postProject
		{B60D72E5-D17E-4632-B321-72D86FA055CA} = {B60D72E5-D17E-4632-B321-72D86FA055CA}
	EndProjectSection
EndProject
Project("{8BC9CEB8-8B4A-11D0-8D11-00A0C91BC942}") = "10-Deferred", "Tests\10-Deferred\10-Deferred.vcxproj", "{EB982BBD-E782-4BBC-B802-BBEA069B5EFA}"
	ProjectSection(ProjectDependencies) = postProject
		{B60D72E5-D17E-4632-B321-72D86FA055CA} = {B60D72E5-D17E-4632-B321-72D86FA055CA}
	EndProjectSection
EndProject
Project("{8BC9CEB8-8B4A-11D0-8D11-00A0C91BC942}") = "Assessment", "Tests\Assessment\Assessment.vcxproj", "{10BA9D59-371B-449A-8561-9BAA69BD93F4}"
	ProjectSection(ProjectDependencies) = postProject
		{B60D72E5-D17E-4632-B321-72D86FA055CA} = {B60D72E5-D17E-4632-B321-72D86FA055CA}
	EndProjectSection
EndProject
Global
	GlobalSection(SolutionConfigurationPlatforms) = preSolution
		Debug|x64 = Debug|x64
		Debug|x86 = Debug|x86
		Release|x64 = Release|x64
		Release|x86 = Release|x86
	EndGlobalSection
	GlobalSection(ProjectConfigurationPlatforms) = postSolution
		{B60D72E5-D17E-4632-B321-72D86FA055CA}.Debug|x64.ActiveCfg = Debug|x64
		{B60D72E5-D17E-4632-B321-72D86FA055CA}.Debug|x64.Build.0 = Debug|x64
		{B60D72E5-D17E-4632-B321-72D86FA055CA}.Debug|x86.ActiveCfg = Debug|Win32
		{B60D72E5-D17E-4632-B321-72D86FA055CA}.Debug|x86.Build.0 = Debug|Win32
		{B60D72E5-D17E-4632-B321-72D86FA055CA}.Release|x64.ActiveCfg = Release|x64
		{B60D72E5-D17E-4632-B321-72D86FA055CA}.Release|x64.Build.0 = Release|x64
		{B60D72E5-D17E-4632-B321-72D86FA055CA}.Release|x86.ActiveCfg = Release|Win32
		{B60D72E5-D17E-4632-B321-72D86FA055CA}.Release|x86.Build.0 = Release|Win32
		{050C663F-4641-42F4-9E8B-62A6FF5DAB51}.Debug|x64.ActiveCfg = Debug|x64
		{050C663F-4641-42F4-9E8B-62A6FF5DAB51}.Debug|x64.Build.0 = Debug|x64
		{050C663F-4641-42F4-9E8B-62A6FF5DAB51}.Debug|x86.ActiveCfg = Debug|Win32
		{050C663F-4641-42F4-9E8B-62A6FF5DAB51}.Debug|x86.Build.0 = Debug|Win32
		{050C663F-4641-42F4-9E8B-62A6FF5DAB51}.Release|x64.ActiveCfg = Release|x64
		{050C663F-4641-42F4-9E8B-62A6FF5DAB51}.Release|x64.Build.0 = Release|x64
		{050C663F-4641-42F4-9E8B-62A6FF5DAB51}.Release|x86.ActiveCfg = Release|Win32
		{050C663F-4641-42F4-9E8B-62A6FF5DAB51}.Release|x86.Build.0 = Release|Win32
		{4C466196-749C-41FC-974C-97D001334DB4}.Debug|x64.ActiveCfg = Debug|x64
		{4C466196-749C-41FC-974C-97D001334DB4}.Debug|x64.Build.0 = Debug|x64
		{4C466196-749C-41FC-974C-97D001334DB4}.Debug|x86.ActiveCfg = Debug|Win32
		{4C466196-749C-41FC-974C-97D001334DB4}.Debug|x86.Build.0 = Debug|Win32
		{4C466196-749C-41FC-974C-97D001334DB4}.Release|x64.ActiveCfg = Release|x64
		{4C466196-749C-41FC-974C-97D001334DB4}.Release|x64.Build.0 = Release|x64
		{4C466196-749C-41FC-974C-97D001334DB4}.Release|x86.ActiveCfg = Release|Win32
		{4C466196-749C-41FC-974C-97D001334DB4}.Release|x86.Build.0 = Release|Win32
		{A5B5DAA8-D749-4353-A52D-167420B4366D}.Debug|x64.ActiveCfg = Debug|x64
		{A5B5DAA8-D749-4353-A52D-167420B4366D}.Debug|x64.Build.0 = Debug|x64
		{A5B5DAA8-D749-4353-A52D-167420B4366D}.Debug|x86.ActiveCfg = Debug|Win32
		{A5B5DAA8-D749-4353-A52D-167420B4366D}.Debug|x86.Build.0 = Debug|Win32
		{A5B5DAA8-D749-4353-A52D-167420B4366D}.Release|x64.ActiveCfg = Release|x64
		{A5B5DAA8-D749-4353-A52D-167420B4366D}.Release|x64.Build.0 = Release|x64
		{A5B5DAA8-D749-4353-A52D-167420B4366D}.Release|x86.ActiveCfg = Release|Win32
		{A5B5DAA8-D749-4353-A52D-167420B4366D}.Release|x86.Build.0 = Release|Win32
		{E67908F0-6D1F-442E-AE3E-50785A4A9CFA}.Debug|x64.ActiveCfg = Debug|x64
		{E67908F0-6D1F-442E-AE3E-50785A4A9CFA}.Debug|x64.Build.0 = Debug|x64
		{E67908F0-6D1F-442E-AE3E-50785A4A9CFA}.Debug|x86.ActiveCfg = Debug|Win32
		{E67908F0-6D1F-442E-AE3E-50785A4A9CFA}.Debug|x86.Build.0 = Debug|Win32
		{E67908F0-6D1F-442E-AE3E-50785A4A9CFA}.Release|x64.ActiveCfg = Release|x64
		{E67908F0-6D1F-442E-AE3E-50785A4A9CFA}.Release|x64.Build.0 = Release|x64
		{E67908F0-6D1F-442E-AE3E-50785A4A9CFA}.Release|x86.ActiveCfg = Release|Win32
		{E67908F0-6D1F-442E-AE3E-50785A4A9CFA}.Release|x86.Build.0 = Release|Win32
		{9E71012B-EE44-4BA5-8C0E-7EB901F0A8B6}.Debug|x64.ActiveCfg = Debug|x64
		{9E71012B-EE44-4BA5-8C0E-7EB901F0A8B6}.Debug|x64.Build.0 = Debug|x64
		{9E71012B-EE44-4BA5-8C0E-7EB901F0A8B6}.Debug|x86.ActiveCfg = Debug|Win32
		{9E71012B-EE44-4BA5-8C0E-7EB901F0A8B6}.Debug|x86.Build.0 = Debug|Win32
		{9E71012B-EE44-4BA5-8C0E-7EB901F0A8B6}.Release|x64.ActiveCfg = Release|x64
		{9E71012B-EE44-4BA5-8C0E-7EB901F0A8B6}.Release|x64.Build.0 = Release|x64
		{9E71012B-EE44-4BA5-8C0E-7EB901F0A8B6}.Release|x86.ActiveCfg = Release|Win32
		{9E71012B-EE44-4BA5-8C0E-7EB901F0A8B6}.Release|x86.Build.0 = Release|Win32
		{F6ECB23B-195A-4828-A484-A82A77BCE58E}.Debug|x64.ActiveCfg = Debug|x64
		{F6ECB23B-195A-4828-A484-A82A77BCE58E}.Debug|x64.Build.0 = Debug|x64
		{F6ECB23B-195A-4828-A484-A82A77BCE58E}.Debug|x86.ActiveCfg = Debug|Win32
		{F6ECB23B-195A-4828-A484-A82A77BCE58E}.Debug|x86.Build.0 = Debug|Win32
		{F6ECB23B-195A-4828-A484-A82A77BCE58E}.Release|x64.ActiveCfg = Release|x64
		{F6ECB23B-195A-4828-A484-A82A77BCE58E}.Release|x64.Build.0 = Release|x64
		{F6ECB23B-195A-4828-A484-A82A77BCE58E}.Release|x86.ActiveCfg = Release|Win32
		{F6ECB23B-195A-4828-A484-A82A77BCE58E}.Release|x86.Build.0 = Release|Win32
		{CBA62669-70CC-4488-947C-4B4DD5BAF62F}.Debug|x64.ActiveCfg = Debug|x64
		{CBA62669-70CC-4488-947C-4B4DD5BAF62F}.Debug|x64.Build.0 = Debug|x64
		{CBA62669-70CC-4488-947C-4B4DD5BAF62F}.Debug|x86.ActiveCfg = Debug|Win32
		{CBA62669-70CC-4488-947C-4B4DD5BAF62F}.Debug|x86.Build.0 = Debug|Win32
		{CBA62669-70CC-4488-947C-4B4DD5BAF62F}.Release|x64.ActiveCfg = Release|x64
		{CBA62669-70CC-4488-947C-4B4DD5BAF62F}.Release|x64.Build.0 = Release|x64
		{CBA62669-70CC-4488-947C-4B4DD5BAF62F}.Release|x86.ActiveCfg = Release|Win32
		{CBA62669-70CC-4488-947C-4B4DD5BAF62F}.Release|x86.Build.0 = Release|Win32
		{DA9A97BA-0D10-493C-8B1F-B59922B27CFD}.Debug|x64.ActiveCfg = Debug|x64
		{DA9A97BA-0D10-493C-8B1F-B59922B27CFD}.Debug|x64.Build.0 = Debug|x64
		{DA9A97BA-0D10-493C-8B1F-B59922B27CFD}.Debug|x86.ActiveCfg = Debug|Win32
		{DA9A97BA-0D10-493C-8B1F-B59922B27CFD}.Debug|x86.Build.0 = Debug|Win32
		{DA9A97BA-0D10-493C-8B1F-B59922B27CFD}.Release|x64.ActiveCfg = Release|x64
		{DA9A97BA-0D10-493C-8B1F-B59922B27CFD}.Release|x64.Build.0 = Release|x64
		{DA9A97BA-0D10-493C-8B1F-B59922B27CFD}.Release|x86.ActiveCfg = Release|Win32
		{DA9A97BA-0D10-493C-8B1F-B59922B27CFD}.Release|x86.Build.0 = Release|Win32
		{04A7C7BA-D03A-42B1-8A09-837F4984564A}.Debug|x64.ActiveCfg = Debug|x64
		{04A7C7BA-D03A-42B1-8A09-837F4984564A}.Debug|x64.Build.0 = Debug|x64
		{04A7C7BA-D03A-42B1-8A09-837F4984564A}.Debug|x86.ActiveCfg = Debug|Win32
		{04A7C7BA-D03A-42B1-8A09-837F4984564A}.Debug|x86.Build.0 = Debug|Win32
		{04A7C7BA-D03A-42B1-8A09-837F4984564A}.Release|x64.ActiveCfg = Release|x64
		{04A7C7BA-D03A-42B1-8A09-837F4984564A}.Release|x64.Build.0 = Release|x64
		{04A7C7BA-D03A-42B1-8A09-837F4984564A}.Release|x86.ActiveCfg = Release|Win32
		{04A7C7BA-D03A-42B1-8A09-837F4984564A}.Release|x86.Build.0 = Release|Win32
		{EB982BBD-E782-4BBC-B802-BBEA069B5EFA}.Debug|x64.ActiveCfg = Debug|x64
		{EB982BBD-E782-4BBC-B802-BBEA069B5EFA}.Debug|x64.Build.0 = Debug|x64
		{EB982BBD-E782-4BBC-B802-BBEA069B5EFA}.Debug|x86.ActiveCfg = Debug|Win32
		{EB982BBD-E782-4BBC-B802-BBEA069B5EFA}.Debug|x86.Build.0 = Debug|Win32
		{EB982BBD-E782-4BBC-B802-BBEA069B5EFA}.Release|x64.ActiveCfg = Release|x64
		{EB982BBD-E782-4BBC-B802-BBEA069B5EFA}.Release|x64.Build.0 = Release|x64
		{EB982BBD-E782-4BBC-B802-BBEA069B5EFA}.Release|x86.ActiveCfg = Release|Win32
		{EB982BBD-E782-4BBC-B802-BBEA069B5EFA}.Release|x86.Build.0 = Release|Win32
		{10BA9D59-371B-449A-8561-9BAA69BD93F4}.Debug|x64.ActiveCfg = Debug|x64
		{10BA9D59-371B-449A-8561-9BAA69BD93F4}.Debug|x64.Build.0 = Debug|x64
		{10BA9D59-371B-449A-8561-9BAA69BD93F4}.Debug|x86.ActiveCfg = Debug|Win32
		{10BA9D59-371B-449A-8561-9BAA69BD93F4}.Debug|x86.Build.0 = Debug|Win32
		{10BA9D59-371B-449A-8561-9BAA69BD93F4}.Release|x64.ActiveCfg = Release|x64
		{10BA9D59-371B-449A-8561-9BAA69BD93F4}.Release|x64.Build.0 = Release|x64
		{10BA9D59-371B-449A-8561-9BAA69BD93F4}.Release|x86.ActiveCfg = Release|Win32
		{10BA9D59-371B-449A-8561-9BAA69BD93F4}.Release|x86.Build.0 = Release|Win32
	EndGlobalSection
	GlobalSection(SolutionProperties) = preSolution
		HideSolutionNode = FALSE
	EndGlobalSection
EndGlobal
