
Microsoft Visual Studio Solution File, Format Version 12.00
# Visual Studio 14
VisualStudioVersion = 14.0.25123.0
MinimumVisualStudioVersion = 10.0.40219.1
Project("{8BC9CEB8-8B4A-11D0-8D11-00A0C91BC942}") = "Graphics", "Graphics J.vcxproj", "{B60D72E5-D17E-4632-B321-72D86FA055CA}"
EndProject
Project("{8BC9CEB8-8B4A-11D0-8D11-00A0C91BC942}") = "01-Hello_Triangle", "Tests\01-Hello_Triangle\01-Hello_Triangle.vcxproj", "{050C663F-4641-42F4-9E8B-62A6FF5DAB51}"
	ProjectSection(ProjectDependencies) = postProject
		{B60D72E5-D17E-4632-B321-72D86FA055CA} = {B60D72E5-D17E-4632-B321-72D86FA055CA}
	EndProjectSection
EndProject
Project("{8BC9CEB8-8B4A-11D0-8D11-00A0C91BC942}") = "02-UniTex", "Tests\02-UniTex\02-UniTex.vcxproj", "{4C466196-749C-41FC-974C-97D001334DB4}"
	ProjectSection(ProjectDependencies) = postProject
		{B60D72E5-D17E-4632-B321-72D86FA055CA} = {B60D72E5-D17E-4632-B321-72D86FA055CA}
	EndProjectSection
EndProject
Global
	GlobalSection(SolutionConfigurationPlatforms) = preSolution
		Debug|x64 = Debug|x64
		Debug|x86 = Debug|x86
		Release|x64 = Release|x64
		Release|x86 = Release|x86
	EndGlobalSection
	GlobalSection(ProjectConfigurationPlatforms) = postSolution
		{B60D72E5-D17E-4632-B321-72D86FA055CA}.Debug|x64.ActiveCfg = Debug|x64
		{B60D72E5-D17E-4632-B321-72D86FA055CA}.Debug|x64.Build.0 = Debug|x64
		{B60D72E5-D17E-4632-B321-72D86FA055CA}.Debug|x86.ActiveCfg = Debug|Win32
		{B60D72E5-D17E-4632-B321-72D86FA055CA}.Debug|x86.Build.0 = Debug|Win32
		{B60D72E5-D17E-4632-B321-72D86FA055CA}.Release|x64.ActiveCfg = Release|x64
		{B60D72E5-D17E-4632-B321-72D86FA055CA}.Release|x64.Build.0 = Release|x64
		{B60D72E5-D17E-4632-B321-72D86FA055CA}.Release|x86.ActiveCfg = Release|Win32
		{B60D72E5-D17E-4632-B321-72D86FA055CA}.Release|x86.Build.0 = Release|Win32
		{050C663F-4641-42F4-9E8B-62A6FF5DAB51}.Debug|x64.ActiveCfg = Debug|x64
		{050C663F-4641-42F4-9E8B-62A6FF5DAB51}.Debug|x64.Build.0 = Debug|x64
		{050C663F-4641-42F4-9E8B-62A6FF5DAB51}.Debug|x86.ActiveCfg = Debug|Win32
		{050C663F-4641-42F4-9E8B-62A6FF5DAB51}.Debug|x86.Build.0 = Debug|Win32
		{050C663F-4641-42F4-9E8B-62A6FF5DAB51}.Release|x64.ActiveCfg = Release|x64
		{050C663F-4641-42F4-9E8B-62A6FF5DAB51}.Release|x64.Build.0 = Release|x64
		{050C663F-4641-42F4-9E8B-62A6FF5DAB51}.Release|x86.ActiveCfg = Release|Win32
		{050C663F-4641-42F4-9E8B-62A6FF5DAB51}.Release|x86.Build.0 = Release|Win32
		{4C466196-749C-41FC-974C-97D001334DB4}.Debug|x64.ActiveCfg = Debug|x64
		{4C466196-749C-41FC-974C-97D001334DB4}.Debug|x64.Build.0 = Debug|x64
		{4C466196-749C-41FC-974C-97D001334DB4}.Debug|x86.ActiveCfg = Debug|Win32
		{4C466196-749C-41FC-974C-97D001334DB4}.Debug|x86.Build.0 = Debug|Win32
		{4C466196-749C-41FC-974C-97D001334DB4}.Release|x64.ActiveCfg = Release|x64
		{4C466196-749C-41FC-974C-97D001334DB4}.Release|x64.Build.0 = Release|x64
		{4C466196-749C-41FC-974C-97D001334DB4}.Release|x86.ActiveCfg = Release|Win32
		{4C466196-749C-41FC-974C-97D001334DB4}.Release|x86.Build.0 = Release|Win32
	EndGlobalSection
	GlobalSection(SolutionProperties) = preSolution
		HideSolutionNode = FALSE
	EndGlobalSection
EndGlobal
